
Microsoft Visual Studio Solution File, Format Version 12.00
# Visual Studio Version 17
VisualStudioVersion = 17.9.34723.18
MinimumVisualStudioVersion = 10.0.40219.1
Project("{FAE04EC0-301F-11D3-BF4B-00C04F79EFBC}") = "Kontrolna_2_zavdannia", "Kontrolna_2_zavdannia\Kontrolna_2_zavdannia.csproj", "{035326FB-8D81-4C39-B8BA-79B2FD9250B9}"
EndProject
Global
	GlobalSection(SolutionConfigurationPlatforms) = preSolution
		Debug|Any CPU = Debug|Any CPU
		Release|Any CPU = Release|Any CPU
	EndGlobalSection
	GlobalSection(ProjectConfigurationPlatforms) = postSolution
		{035326FB-8D81-4C39-B8BA-79B2FD9250B9}.Debug|Any CPU.ActiveCfg = Debug|Any CPU
		{035326FB-8D81-4C39-B8BA-79B2FD9250B9}.Debug|Any CPU.Build.0 = Debug|Any CPU
		{035326FB-8D81-4C39-B8BA-79B2FD9250B9}.Release|Any CPU.ActiveCfg = Release|Any CPU
		{035326FB-8D81-4C39-B8BA-79B2FD9250B9}.Release|Any CPU.Build.0 = Release|Any CPU
	EndGlobalSection
	GlobalSection(SolutionProperties) = preSolution
		HideSolutionNode = FALSE
	EndGlobalSection
	GlobalSection(ExtensibilityGlobals) = postSolution
		SolutionGuid = {3E1F3AD1-A89A-42CD-B14A-3498B8738107}
	EndGlobalSection
EndGlobal
